// !$*UTF8*$!
{
	archiveVersion = 1;
	classes = {
	};
	objectVersion = 50;
	objects = {

/* Begin PBXBuildFile section */
		D2814BE828817DF0006731BD /* AppDelegate.swift in Sources */ = {isa = PBXBuildFile; fileRef = D2814BE728817DF0006731BD /* AppDelegate.swift */; };
		D2814BEA28817DF0006731BD /* SceneDelegate.swift in Sources */ = {isa = PBXBuildFile; fileRef = D2814BE928817DF0006731BD /* SceneDelegate.swift */; };
		D2814BEC28817DF0006731BD /* ViewController.swift in Sources */ = {isa = PBXBuildFile; fileRef = D2814BEB28817DF0006731BD /* ViewController.swift */; };
		D2814BEF28817DF0006731BD /* Main.storyboard in Resources */ = {isa = PBXBuildFile; fileRef = D2814BED28817DF0006731BD /* Main.storyboard */; };
		D2814BF128817DFD006731BD /* Assets.xcassets in Resources */ = {isa = PBXBuildFile; fileRef = D2814BF028817DFD006731BD /* Assets.xcassets */; };
		D2814BF428817DFD006731BD /* LaunchScreen.storyboard in Resources */ = {isa = PBXBuildFile; fileRef = D2814BF228817DFD006731BD /* LaunchScreen.storyboard */; };
		D2814BFF28817DFD006731BD /* iOSExampleTests.swift in Sources */ = {isa = PBXBuildFile; fileRef = D2814BFE28817DFD006731BD /* iOSExampleTests.swift */; };
		D2814C0A28817DFD006731BD /* iOSExampleUITests.swift in Sources */ = {isa = PBXBuildFile; fileRef = D2814C0928817DFD006731BD /* iOSExampleUITests.swift */; };
/* End PBXBuildFile section */

/* Begin PBXContainerItemProxy section */
		D2814BFB28817DFD006731BD /* PBXContainerItemProxy */ = {
			isa = PBXContainerItemProxy;
			containerPortal = D2814BDC28817DF0006731BD /* Project object */;
			proxyType = 1;
			remoteGlobalIDString = D2814BE328817DF0006731BD;
			remoteInfo = iOSExample;
		};
		D2814C0628817DFD006731BD /* PBXContainerItemProxy */ = {
			isa = PBXContainerItemProxy;
			containerPortal = D2814BDC28817DF0006731BD /* Project object */;
			proxyType = 1;
			remoteGlobalIDString = D2814BE328817DF0006731BD;
			remoteInfo = iOSExample;
		};
/* End PBXContainerItemProxy section */

/* Begin PBXFileReference section */
		D2814BE428817DF0006731BD /* iOSExample.app */ = {isa = PBXFileReference; explicitFileType = wrapper.application; includeInIndex = 0; path = iOSExample.app; sourceTree = BUILT_PRODUCTS_DIR; };
		D2814BE728817DF0006731BD /* AppDelegate.swift */ = {isa = PBXFileReference; lastKnownFileType = sourcecode.swift; path = AppDelegate.swift; sourceTree = "<group>"; };
		D2814BE928817DF0006731BD /* SceneDelegate.swift */ = {isa = PBXFileReference; lastKnownFileType = sourcecode.swift; path = SceneDelegate.swift; sourceTree = "<group>"; };
		D2814BEB28817DF0006731BD /* ViewController.swift */ = {isa = PBXFileReference; lastKnownFileType = sourcecode.swift; path = ViewController.swift; sourceTree = "<group>"; };
		D2814BEE28817DF0006731BD /* Base */ = {isa = PBXFileReference; lastKnownFileType = file.storyboard; name = Base; path = Base.lproj/Main.storyboard; sourceTree = "<group>"; };
		D2814BF028817DFD006731BD /* Assets.xcassets */ = {isa = PBXFileReference; lastKnownFileType = folder.assetcatalog; path = Assets.xcassets; sourceTree = "<group>"; };
		D2814BF328817DFD006731BD /* Base */ = {isa = PBXFileReference; lastKnownFileType = file.storyboard; name = Base; path = Base.lproj/LaunchScreen.storyboard; sourceTree = "<group>"; };
		D2814BF528817DFD006731BD /* Info.plist */ = {isa = PBXFileReference; lastKnownFileType = text.plist.xml; path = Info.plist; sourceTree = "<group>"; };
		D2814BFA28817DFD006731BD /* iOSExampleTests.xctest */ = {isa = PBXFileReference; explicitFileType = wrapper.cfbundle; includeInIndex = 0; path = iOSExampleTests.xctest; sourceTree = BUILT_PRODUCTS_DIR; };
		D2814BFE28817DFD006731BD /* iOSExampleTests.swift */ = {isa = PBXFileReference; lastKnownFileType = sourcecode.swift; path = iOSExampleTests.swift; sourceTree = "<group>"; };
		D2814C0028817DFD006731BD /* Info.plist */ = {isa = PBXFileReference; lastKnownFileType = text.plist.xml; path = Info.plist; sourceTree = "<group>"; };
		D2814C0528817DFD006731BD /* iOSExampleUITests.xctest */ = {isa = PBXFileReference; explicitFileType = wrapper.cfbundle; includeInIndex = 0; path = iOSExampleUITests.xctest; sourceTree = BUILT_PRODUCTS_DIR; };
		D2814C0928817DFD006731BD /* iOSExampleUITests.swift */ = {isa = PBXFileReference; lastKnownFileType = sourcecode.swift; path = iOSExampleUITests.swift; sourceTree = "<group>"; };
		D2814C0B28817DFD006731BD /* Info.plist */ = {isa = PBXFileReference; lastKnownFileType = text.plist.xml; path = Info.plist; sourceTree = "<group>"; };
/* End PBXFileReference section */

/* Begin PBXFrameworksBuildPhase section */
		D2814BE128817DF0006731BD /* Frameworks */ = {
			isa = PBXFrameworksBuildPhase;
			buildActionMask = 2147483647;
			files = (
			);
			runOnlyForDeploymentPostprocessing = 0;
		};
		D2814BF728817DFD006731BD /* Frameworks */ = {
			isa = PBXFrameworksBuildPhase;
			buildActionMask = 2147483647;
			files = (
			);
			runOnlyForDeploymentPostprocessing = 0;
		};
		D2814C0228817DFD006731BD /* Frameworks */ = {
			isa = PBXFrameworksBuildPhase;
			buildActionMask = 2147483647;
			files = (
			);
			runOnlyForDeploymentPostprocessing = 0;
		};
/* End PBXFrameworksBuildPhase section */

/* Begin PBXGroup section */
		D2814BDB28817DF0006731BD = {
			isa = PBXGroup;
			children = (
				D2814BE628817DF0006731BD /* iOSExample */,
				D2814BFD28817DFD006731BD /* iOSExampleTests */,
				D2814C0828817DFD006731BD /* iOSExampleUITests */,
				D2814BE528817DF0006731BD /* Products */,
			);
			sourceTree = "<group>";
		};
		D2814BE528817DF0006731BD /* Products */ = {
			isa = PBXGroup;
			children = (
				D2814BE428817DF0006731BD /* iOSExample.app */,
				D2814BFA28817DFD006731BD /* iOSExampleTests.xctest */,
				D2814C0528817DFD006731BD /* iOSExampleUITests.xctest */,
			);
			name = Products;
			sourceTree = "<group>";
		};
		D2814BE628817DF0006731BD /* iOSExample */ = {
			isa = PBXGroup;
			children = (
				D2814BE728817DF0006731BD /* AppDelegate.swift */,
				D2814BE928817DF0006731BD /* SceneDelegate.swift */,
				D2814BEB28817DF0006731BD /* ViewController.swift */,
				D2814BED28817DF0006731BD /* Main.storyboard */,
				D2814BF028817DFD006731BD /* Assets.xcassets */,
				D2814BF228817DFD006731BD /* LaunchScreen.storyboard */,
				D2814BF528817DFD006731BD /* Info.plist */,
			);
			path = iOSExample;
			sourceTree = "<group>";
		};
		D2814BFD28817DFD006731BD /* iOSExampleTests */ = {
			isa = PBXGroup;
			children = (
				D2814BFE28817DFD006731BD /* iOSExampleTests.swift */,
				D2814C0028817DFD006731BD /* Info.plist */,
			);
			path = iOSExampleTests;
			sourceTree = "<group>";
		};
		D2814C0828817DFD006731BD /* iOSExampleUITests */ = {
			isa = PBXGroup;
			children = (
				D2814C0928817DFD006731BD /* iOSExampleUITests.swift */,
				D2814C0B28817DFD006731BD /* Info.plist */,
			);
			path = iOSExampleUITests;
			sourceTree = "<group>";
		};
/* End PBXGroup section */

/* Begin PBXNativeTarget section */
		D2814BE328817DF0006731BD /* iOSExample */ = {
			isa = PBXNativeTarget;
			buildConfigurationList = D2814C0E28817DFD006731BD /* Build configuration list for PBXNativeTarget "iOSExample" */;
			buildPhases = (
				D2814BE028817DF0006731BD /* Sources */,
				D2814BE128817DF0006731BD /* Frameworks */,
				D2814BE228817DF0006731BD /* Resources */,
			);
			buildRules = (
			);
			dependencies = (
			);
			name = iOSExample;
			productName = iOSExample;
			productReference = D2814BE428817DF0006731BD /* iOSExample.app */;
			productType = "com.apple.product-type.application";
		};
		D2814BF928817DFD006731BD /* iOSExampleTests */ = {
			isa = PBXNativeTarget;
			buildConfigurationList = D2814C1128817DFD006731BD /* Build configuration list for PBXNativeTarget "iOSExampleTests" */;
			buildPhases = (
				D2814BF628817DFD006731BD /* Sources */,
				D2814BF728817DFD006731BD /* Frameworks */,
				D2814BF828817DFD006731BD /* Resources */,
			);
			buildRules = (
			);
			dependencies = (
				D2814BFC28817DFD006731BD /* PBXTargetDependency */,
			);
			name = iOSExampleTests;
			productName = iOSExampleTests;
			productReference = D2814BFA28817DFD006731BD /* iOSExampleTests.xctest */;
			productType = "com.apple.product-type.bundle.unit-test";
		};
		D2814C0428817DFD006731BD /* iOSExampleUITests */ = {
			isa = PBXNativeTarget;
			buildConfigurationList = D2814C1428817DFD006731BD /* Build configuration list for PBXNativeTarget "iOSExampleUITests" */;
			buildPhases = (
				D2814C0128817DFD006731BD /* Sources */,
				D2814C0228817DFD006731BD /* Frameworks */,
				D2814C0328817DFD006731BD /* Resources */,
			);
			buildRules = (
			);
			dependencies = (
				D2814C0728817DFD006731BD /* PBXTargetDependency */,
			);
			name = iOSExampleUITests;
			productName = iOSExampleUITests;
			productReference = D2814C0528817DFD006731BD /* iOSExampleUITests.xctest */;
			productType = "com.apple.product-type.bundle.ui-testing";
		};
/* End PBXNativeTarget section */

/* Begin PBXProject section */
		D2814BDC28817DF0006731BD /* Project object */ = {
			isa = PBXProject;
			attributes = {
				LastSwiftUpdateCheck = 1240;
				LastUpgradeCheck = 1240;
				TargetAttributes = {
					D2814BE328817DF0006731BD = {
						CreatedOnToolsVersion = 12.4;
					};
					D2814BF928817DFD006731BD = {
						CreatedOnToolsVersion = 12.4;
						TestTargetID = D2814BE328817DF0006731BD;
					};
					D2814C0428817DFD006731BD = {
						CreatedOnToolsVersion = 12.4;
						TestTargetID = D2814BE328817DF0006731BD;
					};
				};
			};
			buildConfigurationList = D2814BDF28817DF0006731BD /* Build configuration list for PBXProject "iOSExample" */;
			compatibilityVersion = "Xcode 9.3";
			developmentRegion = en;
			hasScannedForEncodings = 0;
			knownRegions = (
				en,
				Base,
			);
			mainGroup = D2814BDB28817DF0006731BD;
			productRefGroup = D2814BE528817DF0006731BD /* Products */;
			projectDirPath = "";
			projectRoot = "";
			targets = (
				D2814BE328817DF0006731BD /* iOSExample */,
				D2814BF928817DFD006731BD /* iOSExampleTests */,
				D2814C0428817DFD006731BD /* iOSExampleUITests */,
			);
		};
/* End PBXProject section */

/* Begin PBXResourcesBuildPhase section */
		D2814BE228817DF0006731BD /* Resources */ = {
			isa = PBXResourcesBuildPhase;
			buildActionMask = 2147483647;
			files = (
				D2814BF428817DFD006731BD /* LaunchScreen.storyboard in Resources */,
				D2814BF128817DFD006731BD /* Assets.xcassets in Resources */,
				D2814BEF28817DF0006731BD /* Main.storyboard in Resources */,
			);
			runOnlyForDeploymentPostprocessing = 0;
		};
		D2814BF828817DFD006731BD /* Resources */ = {
			isa = PBXResourcesBuildPhase;
			buildActionMask = 2147483647;
			files = (
			);
			runOnlyForDeploymentPostprocessing = 0;
		};
		D2814C0328817DFD006731BD /* Resources */ = {
			isa = PBXResourcesBuildPhase;
			buildActionMask = 2147483647;
			files = (
			);
			runOnlyForDeploymentPostprocessing = 0;
		};
/* End PBXResourcesBuildPhase section */

/* Begin PBXSourcesBuildPhase section */
		D2814BE028817DF0006731BD /* Sources */ = {
			isa = PBXSourcesBuildPhase;
			buildActionMask = 2147483647;
			files = (
				D2814BEC28817DF0006731BD /* ViewController.swift in Sources */,
				D2814BE828817DF0006731BD /* AppDelegate.swift in Sources */,
				D2814BEA28817DF0006731BD /* SceneDelegate.swift in Sources */,
			);
			runOnlyForDeploymentPostprocessing = 0;
		};
		D2814BF628817DFD006731BD /* Sources */ = {
			isa = PBXSourcesBuildPhase;
			buildActionMask = 2147483647;
			files = (
				D2814BFF28817DFD006731BD /* iOSExampleTests.swift in Sources */,
			);
			runOnlyForDeploymentPostprocessing = 0;
		};
		D2814C0128817DFD006731BD /* Sources */ = {
			isa = PBXSourcesBuildPhase;
			buildActionMask = 2147483647;
			files = (
				D2814C0A28817DFD006731BD /* iOSExampleUITests.swift in Sources */,
			);
			runOnlyForDeploymentPostprocessing = 0;
		};
/* End PBXSourcesBuildPhase section */

/* Begin PBXTargetDependency section */
		D2814BFC28817DFD006731BD /* PBXTargetDependency */ = {
			isa = PBXTargetDependency;
			target = D2814BE328817DF0006731BD /* iOSExample */;
			targetProxy = D2814BFB28817DFD006731BD /* PBXContainerItemProxy */;
		};
		D2814C0728817DFD006731BD /* PBXTargetDependency */ = {
			isa = PBXTargetDependency;
			target = D2814BE328817DF0006731BD /* iOSExample */;
			targetProxy = D2814C0628817DFD006731BD /* PBXContainerItemProxy */;
		};
/* End PBXTargetDependency section */

/* Begin PBXVariantGroup section */
		D2814BED28817DF0006731BD /* Main.storyboard */ = {
			isa = PBXVariantGroup;
			children = (
				D2814BEE28817DF0006731BD /* Base */,
			);
			name = Main.storyboard;
			sourceTree = "<group>";
		};
		D2814BF228817DFD006731BD /* LaunchScreen.storyboard */ = {
			isa = PBXVariantGroup;
			children = (
				D2814BF328817DFD006731BD /* Base */,
			);
			name = LaunchScreen.storyboard;
			sourceTree = "<group>";
		};
/* End PBXVariantGroup section */

/* Begin XCBuildConfiguration section */
		D2814C0C28817DFD006731BD /* Debug */ = {
			isa = XCBuildConfiguration;
			buildSettings = {
				ALWAYS_SEARCH_USER_PATHS = NO;
				CLANG_ANALYZER_NONNULL = YES;
				CLANG_ANALYZER_NUMBER_OBJECT_CONVERSION = YES_AGGRESSIVE;
				CLANG_CXX_LANGUAGE_STANDARD = "gnu++14";
				CLANG_CXX_LIBRARY = "libc++";
				CLANG_ENABLE_MODULES = YES;
				CLANG_ENABLE_OBJC_ARC = YES;
				CLANG_ENABLE_OBJC_WEAK = YES;
				CLANG_WARN_BLOCK_CAPTURE_AUTORELEASING = YES;
				CLANG_WARN_BOOL_CONVERSION = YES;
				CLANG_WARN_COMMA = YES;
				CLANG_WARN_CONSTANT_CONVERSION = YES;
				CLANG_WARN_DEPRECATED_OBJC_IMPLEMENTATIONS = YES;
				CLANG_WARN_DIRECT_OBJC_ISA_USAGE = YES_ERROR;
				CLANG_WARN_DOCUMENTATION_COMMENTS = YES;
				CLANG_WARN_EMPTY_BODY = YES;
				CLANG_WARN_ENUM_CONVERSION = YES;
				CLANG_WARN_INFINITE_RECURSION = YES;
				CLANG_WARN_INT_CONVERSION = YES;
				CLANG_WARN_NON_LITERAL_NULL_CONVERSION = YES;
				CLANG_WARN_OBJC_IMPLICIT_RETAIN_SELF = YES;
				CLANG_WARN_OBJC_LITERAL_CONVERSION = YES;
				CLANG_WARN_OBJC_ROOT_CLASS = YES_ERROR;
				CLANG_WARN_QUOTED_INCLUDE_IN_FRAMEWORK_HEADER = YES;
				CLANG_WARN_RANGE_LOOP_ANALYSIS = YES;
				CLANG_WARN_STRICT_PROTOTYPES = YES;
				CLANG_WARN_SUSPICIOUS_MOVE = YES;
				CLANG_WARN_UNGUARDED_AVAILABILITY = YES_AGGRESSIVE;
				CLANG_WARN_UNREACHABLE_CODE = YES;
				CLANG_WARN__DUPLICATE_METHOD_MATCH = YES;
				COPY_PHASE_STRIP = NO;
				DEBUG_INFORMATION_FORMAT = dwarf;
				ENABLE_STRICT_OBJC_MSGSEND = YES;
				ENABLE_TESTABILITY = YES;
				GCC_C_LANGUAGE_STANDARD = gnu11;
				GCC_DYNAMIC_NO_PIC = NO;
				GCC_NO_COMMON_BLOCKS = YES;
				GCC_OPTIMIZATION_LEVEL = 0;
				GCC_PREPROCESSOR_DEFINITIONS = (
					"DEBUG=1",
					"$(inherited)",
				);
				GCC_WARN_64_TO_32_BIT_CONVERSION = YES;
				GCC_WARN_ABOUT_RETURN_TYPE = YES_ERROR;
				GCC_WARN_UNDECLARED_SELECTOR = YES;
				GCC_WARN_UNINITIALIZED_AUTOS = YES_AGGRESSIVE;
				GCC_WARN_UNUSED_FUNCTION = YES;
				GCC_WARN_UNUSED_VARIABLE = YES;
				IPHONEOS_DEPLOYMENT_TARGET = 14.4;
				MTL_ENABLE_DEBUG_INFO = INCLUDE_SOURCE;
				MTL_FAST_MATH = YES;
				ONLY_ACTIVE_ARCH = YES;
				SDKROOT = iphoneos;
				SWIFT_ACTIVE_COMPILATION_CONDITIONS = DEBUG;
				SWIFT_OPTIMIZATION_LEVEL = "-Onone";
			};
			name = Debug;
		};
		D2814C0D28817DFD006731BD /* Release */ = {
			isa = XCBuildConfiguration;
			buildSettings = {
				ALWAYS_SEARCH_USER_PATHS = NO;
				CLANG_ANALYZER_NONNULL = YES;
				CLANG_ANALYZER_NUMBER_OBJECT_CONVERSION = YES_AGGRESSIVE;
				CLANG_CXX_LANGUAGE_STANDARD = "gnu++14";
				CLANG_CXX_LIBRARY = "libc++";
				CLANG_ENABLE_MODULES = YES;
				CLANG_ENABLE_OBJC_ARC = YES;
				CLANG_ENABLE_OBJC_WEAK = YES;
				CLANG_WARN_BLOCK_CAPTURE_AUTORELEASING = YES;
				CLANG_WARN_BOOL_CONVERSION = YES;
				CLANG_WARN_COMMA = YES;
				CLANG_WARN_CONSTANT_CONVERSION = YES;
				CLANG_WARN_DEPRECATED_OBJC_IMPLEMENTATIONS = YES;
				CLANG_WARN_DIRECT_OBJC_ISA_USAGE = YES_ERROR;
				CLANG_WARN_DOCUMENTATION_COMMENTS = YES;
				CLANG_WARN_EMPTY_BODY = YES;
				CLANG_WARN_ENUM_CONVERSION = YES;
				CLANG_WARN_INFINITE_RECURSION = YES;
				CLANG_WARN_INT_CONVERSION = YES;
				CLANG_WARN_NON_LITERAL_NULL_CONVERSION = YES;
				CLANG_WARN_OBJC_IMPLICIT_RETAIN_SELF = YES;
				CLANG_WARN_OBJC_LITERAL_CONVERSION = YES;
				CLANG_WARN_OBJC_ROOT_CLASS = YES_ERROR;
				CLANG_WARN_QUOTED_INCLUDE_IN_FRAMEWORK_HEADER = YES;
				CLANG_WARN_RANGE_LOOP_ANALYSIS = YES;
				CLANG_WARN_STRICT_PROTOTYPES = YES;
				CLANG_WARN_SUSPICIOUS_MOVE = YES;
				CLANG_WARN_UNGUARDED_AVAILABILITY = YES_AGGRESSIVE;
				CLANG_WARN_UNREACHABLE_CODE = YES;
				CLANG_WARN__DUPLICATE_METHOD_MATCH = YES;
				COPY_PHASE_STRIP = NO;
				DEBUG_INFORMATION_FORMAT = "dwarf-with-dsym";
				ENABLE_NS_ASSERTIONS = NO;
				ENABLE_STRICT_OBJC_MSGSEND = YES;
				GCC_C_LANGUAGE_STANDARD = gnu11;
				GCC_NO_COMMON_BLOCKS = YES;
				GCC_WARN_64_TO_32_BIT_CONVERSION = YES;
				GCC_WARN_ABOUT_RETURN_TYPE = YES_ERROR;
				GCC_WARN_UNDECLARED_SELECTOR = YES;
				GCC_WARN_UNINITIALIZED_AUTOS = YES_AGGRESSIVE;
				GCC_WARN_UNUSED_FUNCTION = YES;
				GCC_WARN_UNUSED_VARIABLE = YES;
				IPHONEOS_DEPLOYMENT_TARGET = 14.4;
				MTL_ENABLE_DEBUG_INFO = NO;
				MTL_FAST_MATH = YES;
				SDKROOT = iphoneos;
				SWIFT_COMPILATION_MODE = wholemodule;
				SWIFT_OPTIMIZATION_LEVEL = "-O";
				VALIDATE_PRODUCT = YES;
			};
			name = Release;
		};
		D2814C0F28817DFD006731BD /* Debug */ = {
			isa = XCBuildConfiguration;
			buildSettings = {
				ASSETCATALOG_COMPILER_APPICON_NAME = AppIcon;
				ASSETCATALOG_COMPILER_GLOBAL_ACCENT_COLOR_NAME = AccentColor;
				CODE_SIGN_STYLE = Automatic;
				INFOPLIST_FILE = iOSExample/Info.plist;
				LD_RUNPATH_SEARCH_PATHS = (
					"$(inherited)",
					"@executable_path/Frameworks",
				);
				PRODUCT_BUNDLE_IDENTIFIER = com.gautam.nitkkr.iOSExample;
				PRODUCT_NAME = "$(TARGET_NAME)";
				SWIFT_VERSION = 5.0;
				TARGETED_DEVICE_FAMILY = "1,2";
			};
			name = Debug;
		};
		D2814C1028817DFD006731BD /* Release */ = {
			isa = XCBuildConfiguration;
			buildSettings = {
				ASSETCATALOG_COMPILER_APPICON_NAME = AppIcon;
				ASSETCATALOG_COMPILER_GLOBAL_ACCENT_COLOR_NAME = AccentColor;
				CODE_SIGN_STYLE = Automatic;
				INFOPLIST_FILE = iOSExample/Info.plist;
				LD_RUNPATH_SEARCH_PATHS = (
					"$(inherited)",
					"@executable_path/Frameworks",
				);
				PRODUCT_BUNDLE_IDENTIFIER = com.gautam.nitkkr.iOSExample;
				PRODUCT_NAME = "$(TARGET_NAME)";
				SWIFT_VERSION = 5.0;
				TARGETED_DEVICE_FAMILY = "1,2";
			};
			name = Release;
		};
		D2814C1228817DFD006731BD /* Debug */ = {
			isa = XCBuildConfiguration;
			buildSettings = {
				ALWAYS_EMBED_SWIFT_STANDARD_LIBRARIES = YES;
				BUNDLE_LOADER = "$(TEST_HOST)";
				CODE_SIGN_STYLE = Automatic;
				INFOPLIST_FILE = iOSExampleTests/Info.plist;
				IPHONEOS_DEPLOYMENT_TARGET = 14.4;
				LD_RUNPATH_SEARCH_PATHS = (
					"$(inherited)",
					"@executable_path/Frameworks",
					"@loader_path/Frameworks",
				);
				PRODUCT_BUNDLE_IDENTIFIER = com.gautam.nitkkr.iOSExampleTests;
				PRODUCT_NAME = "$(TARGET_NAME)";
				SWIFT_VERSION = 5.0;
				TARGETED_DEVICE_FAMILY = "1,2";
				TEST_HOST = "$(BUILT_PRODUCTS_DIR)/iOSExample.app/iOSExample";
			};
			name = Debug;
		};
		D2814C1328817DFD006731BD /* Release */ = {
			isa = XCBuildConfiguration;
			buildSettings = {
				ALWAYS_EMBED_SWIFT_STANDARD_LIBRARIES = YES;
				BUNDLE_LOADER = "$(TEST_HOST)";
				CODE_SIGN_STYLE = Automatic;
				INFOPLIST_FILE = iOSExampleTests/Info.plist;
				IPHONEOS_DEPLOYMENT_TARGET = 14.4;
				LD_RUNPATH_SEARCH_PATHS = (
					"$(inherited)",
					"@executable_path/Frameworks",
					"@loader_path/Frameworks",
				);
				PRODUCT_BUNDLE_IDENTIFIER = com.gautam.nitkkr.iOSExampleTests;
				PRODUCT_NAME = "$(TARGET_NAME)";
				SWIFT_VERSION = 5.0;
				TARGETED_DEVICE_FAMILY = "1,2";
				TEST_HOST = "$(BUILT_PRODUCTS_DIR)/iOSExample.app/iOSExample";
			};
			name = Release;
		};
		D2814C1528817DFD006731BD /* Debug */ = {
			isa = XCBuildConfiguration;
			buildSettings = {
				ALWAYS_EMBED_SWIFT_STANDARD_LIBRARIES = YES;
				CODE_SIGN_STYLE = Automatic;
				INFOPLIST_FILE = iOSExampleUITests/Info.plist;
				LD_RUNPATH_SEARCH_PATHS = (
					"$(inherited)",
					"@executable_path/Frameworks",
					"@loader_path/Frameworks",
				);
				PRODUCT_BUNDLE_IDENTIFIER = com.gautam.nitkkr.iOSExampleUITests;
				PRODUCT_NAME = "$(TARGET_NAME)";
				SWIFT_VERSION = 5.0;
				TARGETED_DEVICE_FAMILY = "1,2";
				TEST_TARGET_NAME = iOSExample;
			};
			name = Debug;
		};
		D2814C1628817DFD006731BD /* Release */ = {
			isa = XCBuildConfiguration;
			buildSettings = {
				ALWAYS_EMBED_SWIFT_STANDARD_LIBRARIES = YES;
				CODE_SIGN_STYLE = Automatic;
				INFOPLIST_FILE = iOSExampleUITests/Info.plist;
				LD_RUNPATH_SEARCH_PATHS = (
					"$(inherited)",
					"@executable_path/Frameworks",
					"@loader_path/Frameworks",
				);
				PRODUCT_BUNDLE_IDENTIFIER = com.gautam.nitkkr.iOSExampleUITests;
				PRODUCT_NAME = "$(TARGET_NAME)";
				SWIFT_VERSION = 5.0;
				TARGETED_DEVICE_FAMILY = "1,2";
				TEST_TARGET_NAME = iOSExample;
			};
			name = Release;
		};
/* End XCBuildConfiguration section */

/* Begin XCConfigurationList section */
		D2814BDF28817DF0006731BD /* Build configuration list for PBXProject "iOSExample" */ = {
			isa = XCConfigurationList;
			buildConfigurations = (
				D2814C0C28817DFD006731BD /* Debug */,
				D2814C0D28817DFD006731BD /* Release */,
			);
			defaultConfigurationIsVisible = 0;
			defaultConfigurationName = Release;
		};
		D2814C0E28817DFD006731BD /* Build configuration list for PBXNativeTarget "iOSExample" */ = {
			isa = XCConfigurationList;
			buildConfigurations = (
				D2814C0F28817DFD006731BD /* Debug */,
				D2814C1028817DFD006731BD /* Release */,
			);
			defaultConfigurationIsVisible = 0;
			defaultConfigurationName = Release;
		};
		D2814C1128817DFD006731BD /* Build configuration list for PBXNativeTarget "iOSExampleTests" */ = {
			isa = XCConfigurationList;
			buildConfigurations = (
				D2814C1228817DFD006731BD /* Debug */,
				D2814C1328817DFD006731BD /* Release */,
			);
			defaultConfigurationIsVisible = 0;
			defaultConfigurationName = Release;
		};
		D2814C1428817DFD006731BD /* Build configuration list for PBXNativeTarget "iOSExampleUITests" */ = {
			isa = XCConfigurationList;
			buildConfigurations = (
				D2814C1528817DFD006731BD /* Debug */,
				D2814C1628817DFD006731BD /* Release */,
			);
			defaultConfigurationIsVisible = 0;
			defaultConfigurationName = Release;
		};
/* End XCConfigurationList section */
	};
	rootObject = D2814BDC28817DF0006731BD /* Project object */;
}
